
Microsoft Visual Studio Solution File, Format Version 12.00
# Visual Studio Version 17
VisualStudioVersion = 17.7.34024.191
MinimumVisualStudioVersion = 10.0.40219.1
Project("{FAE04EC0-301F-11D3-BF4B-00C04F79EFBC}") = "Homework_7", "Homework_7\Homework_7.csproj", "{D10791CE-1408-4F3D-80AB-E97922476CF4}"
EndProject
Global
	GlobalSection(SolutionConfigurationPlatforms) = preSolution
		Debug|Any CPU = Debug|Any CPU
		Release|Any CPU = Release|Any CPU
	EndGlobalSection
	GlobalSection(ProjectConfigurationPlatforms) = postSolution
		{D10791CE-1408-4F3D-80AB-E97922476CF4}.Debug|Any CPU.ActiveCfg = Debug|Any CPU
		{D10791CE-1408-4F3D-80AB-E97922476CF4}.Debug|Any CPU.Build.0 = Debug|Any CPU
		{D10791CE-1408-4F3D-80AB-E97922476CF4}.Release|Any CPU.ActiveCfg = Release|Any CPU
		{D10791CE-1408-4F3D-80AB-E97922476CF4}.Release|Any CPU.Build.0 = Release|Any CPU
	EndGlobalSection
	GlobalSection(SolutionProperties) = preSolution
		HideSolutionNode = FALSE
	EndGlobalSection
	GlobalSection(ExtensibilityGlobals) = postSolution
		SolutionGuid = {8E026090-0CE8-4E73-9DD5-CF5AB34CE57B}
	EndGlobalSection
EndGlobal
